{
  "originHash" : "c653d12cc1fdd117593e1ebced33d606ebe157e09164ef9ab427c1877cb96169",
  "pins" : [
    {
      "identity" : "companionuipro",
      "kind" : "remoteSourceControl",
      "location" : "git@github.com:karenrebecag/CompanionUIPro.git",
      "state" : {
        "revision" : "1f1f143ea344fceff1279b4e282c426df4965a6c"
      }
    }
  ],
  "version" : 3
}
